// !$*UTF8*$!
{
	archiveVersion = 1;
	classes = {
	};
	objectVersion = 48;
	objects = {

/* Begin PBXBuildFile section */
		D88E772720D93B28003782B1 /* AppDelegate.m in Sources */ = {isa = PBXBuildFile; fileRef = D88E772620D93B28003782B1 /* AppDelegate.m */; };
		D88E772A20D93B28003782B1 /* ViewController.m in Sources */ = {isa = PBXBuildFile; fileRef = D88E772920D93B28003782B1 /* ViewController.m */; };
		D88E772D20D93B28003782B1 /* Main.storyboard in Resources */ = {isa = PBXBuildFile; fileRef = D88E772B20D93B28003782B1 /* Main.storyboard */; };
		D88E772F20D93B28003782B1 /* Assets.xcassets in Resources */ = {isa = PBXBuildFile; fileRef = D88E772E20D93B28003782B1 /* Assets.xcassets */; };
		D88E773220D93B28003782B1 /* LaunchScreen.storyboard in Resources */ = {isa = PBXBuildFile; fileRef = D88E773020D93B28003782B1 /* LaunchScreen.storyboard */; };
		D88E773520D93B28003782B1 /* main.m in Sources */ = {isa = PBXBuildFile; fileRef = D88E773420D93B28003782B1 /* main.m */; };
		D88E773F20D93B29003782B1 /* ChooseCityButtonViewTests.m in Sources */ = {isa = PBXBuildFile; fileRef = D88E773E20D93B29003782B1 /* ChooseCityButtonViewTests.m */; };
		D88E774A20D93B29003782B1 /* ChooseCityButtonViewUITests.m in Sources */ = {isa = PBXBuildFile; fileRef = D88E774920D93B29003782B1 /* ChooseCityButtonViewUITests.m */; };
/* End PBXBuildFile section */

/* Begin PBXContainerItemProxy section */
		D88E773B20D93B28003782B1 /* PBXContainerItemProxy */ = {
			isa = PBXContainerItemProxy;
			containerPortal = D88E771A20D93B28003782B1 /* Project object */;
			proxyType = 1;
			remoteGlobalIDString = D88E772120D93B28003782B1;
			remoteInfo = ChooseCityButtonView;
		};
		D88E774620D93B29003782B1 /* PBXContainerItemProxy */ = {
			isa = PBXContainerItemProxy;
			containerPortal = D88E771A20D93B28003782B1 /* Project object */;
			proxyType = 1;
			remoteGlobalIDString = D88E772120D93B28003782B1;
			remoteInfo = ChooseCityButtonView;
		};
/* End PBXContainerItemProxy section */

/* Begin PBXFileReference section */
		D88E772220D93B28003782B1 /* ChooseCityButtonView.app */ = {isa = PBXFileReference; explicitFileType = wrapper.application; includeInIndex = 0; path = ChooseCityButtonView.app; sourceTree = BUILT_PRODUCTS_DIR; };
		D88E772520D93B28003782B1 /* AppDelegate.h */ = {isa = PBXFileReference; lastKnownFileType = sourcecode.c.h; path = AppDelegate.h; sourceTree = "<group>"; };
		D88E772620D93B28003782B1 /* AppDelegate.m */ = {isa = PBXFileReference; lastKnownFileType = sourcecode.c.objc; path = AppDelegate.m; sourceTree = "<group>"; };
		D88E772820D93B28003782B1 /* ViewController.h */ = {isa = PBXFileReference; lastKnownFileType = sourcecode.c.h; path = ViewController.h; sourceTree = "<group>"; };
		D88E772920D93B28003782B1 /* ViewController.m */ = {isa = PBXFileReference; lastKnownFileType = sourcecode.c.objc; path = ViewController.m; sourceTree = "<group>"; };
		D88E772C20D93B28003782B1 /* Base */ = {isa = PBXFileReference; lastKnownFileType = file.storyboard; name = Base; path = Base.lproj/Main.storyboard; sourceTree = "<group>"; };
		D88E772E20D93B28003782B1 /* Assets.xcassets */ = {isa = PBXFileReference; lastKnownFileType = folder.assetcatalog; path = Assets.xcassets; sourceTree = "<group>"; };
		D88E773120D93B28003782B1 /* Base */ = {isa = PBXFileReference; lastKnownFileType = file.storyboard; name = Base; path = Base.lproj/LaunchScreen.storyboard; sourceTree = "<group>"; };
		D88E773320D93B28003782B1 /* Info.plist */ = {isa = PBXFileReference; lastKnownFileType = text.plist.xml; path = Info.plist; sourceTree = "<group>"; };
		D88E773420D93B28003782B1 /* main.m */ = {isa = PBXFileReference; lastKnownFileType = sourcecode.c.objc; path = main.m; sourceTree = "<group>"; };
		D88E773A20D93B28003782B1 /* ChooseCityButtonViewTests.xctest */ = {isa = PBXFileReference; explicitFileType = wrapper.cfbundle; includeInIndex = 0; path = ChooseCityButtonViewTests.xctest; sourceTree = BUILT_PRODUCTS_DIR; };
		D88E773E20D93B29003782B1 /* ChooseCityButtonViewTests.m */ = {isa = PBXFileReference; lastKnownFileType = sourcecode.c.objc; path = ChooseCityButtonViewTests.m; sourceTree = "<group>"; };
		D88E774020D93B29003782B1 /* Info.plist */ = {isa = PBXFileReference; lastKnownFileType = text.plist.xml; path = Info.plist; sourceTree = "<group>"; };
		D88E774520D93B29003782B1 /* ChooseCityButtonViewUITests.xctest */ = {isa = PBXFileReference; explicitFileType = wrapper.cfbundle; includeInIndex = 0; path = ChooseCityButtonViewUITests.xctest; sourceTree = BUILT_PRODUCTS_DIR; };
		D88E774920D93B29003782B1 /* ChooseCityButtonViewUITests.m */ = {isa = PBXFileReference; lastKnownFileType = sourcecode.c.objc; path = ChooseCityButtonViewUITests.m; sourceTree = "<group>"; };
		D88E774B20D93B29003782B1 /* Info.plist */ = {isa = PBXFileReference; lastKnownFileType = text.plist.xml; path = Info.plist; sourceTree = "<group>"; };
/* End PBXFileReference section */

/* Begin PBXFrameworksBuildPhase section */
		D88E771F20D93B28003782B1 /* Frameworks */ = {
			isa = PBXFrameworksBuildPhase;
			buildActionMask = 2147483647;
			files = (
			);
			runOnlyForDeploymentPostprocessing = 0;
		};
		D88E773720D93B28003782B1 /* Frameworks */ = {
			isa = PBXFrameworksBuildPhase;
			buildActionMask = 2147483647;
			files = (
			);
			runOnlyForDeploymentPostprocessing = 0;
		};
		D88E774220D93B29003782B1 /* Frameworks */ = {
			isa = PBXFrameworksBuildPhase;
			buildActionMask = 2147483647;
			files = (
			);
			runOnlyForDeploymentPostprocessing = 0;
		};
/* End PBXFrameworksBuildPhase section */

/* Begin PBXGroup section */
		D88E771920D93B28003782B1 = {
			isa = PBXGroup;
			children = (
				D88E772420D93B28003782B1 /* ChooseCityButtonView */,
				D88E773D20D93B29003782B1 /* ChooseCityButtonViewTests */,
				D88E774820D93B29003782B1 /* ChooseCityButtonViewUITests */,
				D88E772320D93B28003782B1 /* Products */,
			);
			sourceTree = "<group>";
		};
		D88E772320D93B28003782B1 /* Products */ = {
			isa = PBXGroup;
			children = (
				D88E772220D93B28003782B1 /* ChooseCityButtonView.app */,
				D88E773A20D93B28003782B1 /* ChooseCityButtonViewTests.xctest */,
				D88E774520D93B29003782B1 /* ChooseCityButtonViewUITests.xctest */,
			);
			name = Products;
			sourceTree = "<group>";
		};
		D88E772420D93B28003782B1 /* ChooseCityButtonView */ = {
			isa = PBXGroup;
			children = (
				D88E772520D93B28003782B1 /* AppDelegate.h */,
				D88E772620D93B28003782B1 /* AppDelegate.m */,
				D88E772820D93B28003782B1 /* ViewController.h */,
				D88E772920D93B28003782B1 /* ViewController.m */,
				D88E772B20D93B28003782B1 /* Main.storyboard */,
				D88E772E20D93B28003782B1 /* Assets.xcassets */,
				D88E773020D93B28003782B1 /* LaunchScreen.storyboard */,
				D88E773320D93B28003782B1 /* Info.plist */,
				D88E773420D93B28003782B1 /* main.m */,
			);
			path = ChooseCityButtonView;
			sourceTree = "<group>";
		};
		D88E773D20D93B29003782B1 /* ChooseCityButtonViewTests */ = {
			isa = PBXGroup;
			children = (
				D88E773E20D93B29003782B1 /* ChooseCityButtonViewTests.m */,
				D88E774020D93B29003782B1 /* Info.plist */,
			);
			path = ChooseCityButtonViewTests;
			sourceTree = "<group>";
		};
		D88E774820D93B29003782B1 /* ChooseCityButtonViewUITests */ = {
			isa = PBXGroup;
			children = (
				D88E774920D93B29003782B1 /* ChooseCityButtonViewUITests.m */,
				D88E774B20D93B29003782B1 /* Info.plist */,
			);
			path = ChooseCityButtonViewUITests;
			sourceTree = "<group>";
		};
/* End PBXGroup section */

/* Begin PBXNativeTarget section */
		D88E772120D93B28003782B1 /* ChooseCityButtonView */ = {
			isa = PBXNativeTarget;
			buildConfigurationList = D88E774E20D93B29003782B1 /* Build configuration list for PBXNativeTarget "ChooseCityButtonView" */;
			buildPhases = (
				D88E771E20D93B28003782B1 /* Sources */,
				D88E771F20D93B28003782B1 /* Frameworks */,
				D88E772020D93B28003782B1 /* Resources */,
			);
			buildRules = (
			);
			dependencies = (
			);
			name = ChooseCityButtonView;
			productName = ChooseCityButtonView;
			productReference = D88E772220D93B28003782B1 /* ChooseCityButtonView.app */;
			productType = "com.apple.product-type.application";
		};
		D88E773920D93B28003782B1 /* ChooseCityButtonViewTests */ = {
			isa = PBXNativeTarget;
			buildConfigurationList = D88E775120D93B29003782B1 /* Build configuration list for PBXNativeTarget "ChooseCityButtonViewTests" */;
			buildPhases = (
				D88E773620D93B28003782B1 /* Sources */,
				D88E773720D93B28003782B1 /* Frameworks */,
				D88E773820D93B28003782B1 /* Resources */,
			);
			buildRules = (
			);
			dependencies = (
				D88E773C20D93B28003782B1 /* PBXTargetDependency */,
			);
			name = ChooseCityButtonViewTests;
			productName = ChooseCityButtonViewTests;
			productReference = D88E773A20D93B28003782B1 /* ChooseCityButtonViewTests.xctest */;
			productType = "com.apple.product-type.bundle.unit-test";
		};
		D88E774420D93B29003782B1 /* ChooseCityButtonViewUITests */ = {
			isa = PBXNativeTarget;
			buildConfigurationList = D88E775420D93B29003782B1 /* Build configuration list for PBXNativeTarget "ChooseCityButtonViewUITests" */;
			buildPhases = (
				D88E774120D93B29003782B1 /* Sources */,
				D88E774220D93B29003782B1 /* Frameworks */,
				D88E774320D93B29003782B1 /* Resources */,
			);
			buildRules = (
			);
			dependencies = (
				D88E774720D93B29003782B1 /* PBXTargetDependency */,
			);
			name = ChooseCityButtonViewUITests;
			productName = ChooseCityButtonViewUITests;
			productReference = D88E774520D93B29003782B1 /* ChooseCityButtonViewUITests.xctest */;
			productType = "com.apple.product-type.bundle.ui-testing";
		};
/* End PBXNativeTarget section */

/* Begin PBXProject section */
		D88E771A20D93B28003782B1 /* Project object */ = {
			isa = PBXProject;
			attributes = {
				LastUpgradeCheck = 0920;
				ORGANIZATIONNAME = ZZJ;
				TargetAttributes = {
					D88E772120D93B28003782B1 = {
						CreatedOnToolsVersion = 9.2;
						ProvisioningStyle = Automatic;
					};
					D88E773920D93B28003782B1 = {
						CreatedOnToolsVersion = 9.2;
						ProvisioningStyle = Automatic;
						TestTargetID = D88E772120D93B28003782B1;
					};
					D88E774420D93B29003782B1 = {
						CreatedOnToolsVersion = 9.2;
						ProvisioningStyle = Automatic;
						TestTargetID = D88E772120D93B28003782B1;
					};
				};
			};
			buildConfigurationList = D88E771D20D93B28003782B1 /* Build configuration list for PBXProject "ChooseCityButtonView" */;
			compatibilityVersion = "Xcode 8.0";
			developmentRegion = en;
			hasScannedForEncodings = 0;
			knownRegions = (
				en,
				Base,
			);
			mainGroup = D88E771920D93B28003782B1;
			productRefGroup = D88E772320D93B28003782B1 /* Products */;
			projectDirPath = "";
			projectRoot = "";
			targets = (
				D88E772120D93B28003782B1 /* ChooseCityButtonView */,
				D88E773920D93B28003782B1 /* ChooseCityButtonViewTests */,
				D88E774420D93B29003782B1 /* ChooseCityButtonViewUITests */,
			);
		};
/* End PBXProject section */

/* Begin PBXResourcesBuildPhase section */
		D88E772020D93B28003782B1 /* Resources */ = {
			isa = PBXResourcesBuildPhase;
			buildActionMask = 2147483647;
			files = (
				D88E773220D93B28003782B1 /* LaunchScreen.storyboard in Resources */,
				D88E772F20D93B28003782B1 /* Assets.xcassets in Resources */,
				D88E772D20D93B28003782B1 /* Main.storyboard in Resources */,
			);
			runOnlyForDeploymentPostprocessing = 0;
		};
		D88E773820D93B28003782B1 /* Resources */ = {
			isa = PBXResourcesBuildPhase;
			buildActionMask = 2147483647;
			files = (
			);
			runOnlyForDeploymentPostprocessing = 0;
		};
		D88E774320D93B29003782B1 /* Resources */ = {
			isa = PBXResourcesBuildPhase;
			buildActionMask = 2147483647;
			files = (
			);
			runOnlyForDeploymentPostprocessing = 0;
		};
/* End PBXResourcesBuildPhase section */

/* Begin PBXSourcesBuildPhase section */
		D88E771E20D93B28003782B1 /* Sources */ = {
			isa = PBXSourcesBuildPhase;
			buildActionMask = 2147483647;
			files = (
				D88E772A20D93B28003782B1 /* ViewController.m in Sources */,
				D88E773520D93B28003782B1 /* main.m in Sources */,
				D88E772720D93B28003782B1 /* AppDelegate.m in Sources */,
			);
			runOnlyForDeploymentPostprocessing = 0;
		};
		D88E773620D93B28003782B1 /* Sources */ = {
			isa = PBXSourcesBuildPhase;
			buildActionMask = 2147483647;
			files = (
				D88E773F20D93B29003782B1 /* ChooseCityButtonViewTests.m in Sources */,
			);
			runOnlyForDeploymentPostprocessing = 0;
		};
		D88E774120D93B29003782B1 /* Sources */ = {
			isa = PBXSourcesBuildPhase;
			buildActionMask = 2147483647;
			files = (
				D88E774A20D93B29003782B1 /* ChooseCityButtonViewUITests.m in Sources */,
			);
			runOnlyForDeploymentPostprocessing = 0;
		};
/* End PBXSourcesBuildPhase section */

/* Begin PBXTargetDependency section */
		D88E773C20D93B28003782B1 /* PBXTargetDependency */ = {
			isa = PBXTargetDependency;
			target = D88E772120D93B28003782B1 /* ChooseCityButtonView */;
			targetProxy = D88E773B20D93B28003782B1 /* PBXContainerItemProxy */;
		};
		D88E774720D93B29003782B1 /* PBXTargetDependency */ = {
			isa = PBXTargetDependency;
			target = D88E772120D93B28003782B1 /* ChooseCityButtonView */;
			targetProxy = D88E774620D93B29003782B1 /* PBXContainerItemProxy */;
		};
/* End PBXTargetDependency section */

/* Begin PBXVariantGroup section */
		D88E772B20D93B28003782B1 /* Main.storyboard */ = {
			isa = PBXVariantGroup;
			children = (
				D88E772C20D93B28003782B1 /* Base */,
			);
			name = Main.storyboard;
			sourceTree = "<group>";
		};
		D88E773020D93B28003782B1 /* LaunchScreen.storyboard */ = {
			isa = PBXVariantGroup;
			children = (
				D88E773120D93B28003782B1 /* Base */,
			);
			name = LaunchScreen.storyboard;
			sourceTree = "<group>";
		};
/* End PBXVariantGroup section */

/* Begin XCBuildConfiguration section */
		D88E774C20D93B29003782B1 /* Debug */ = {
			isa = XCBuildConfiguration;
			buildSettings = {
				ALWAYS_SEARCH_USER_PATHS = NO;
				CLANG_ANALYZER_NONNULL = YES;
				CLANG_ANALYZER_NUMBER_OBJECT_CONVERSION = YES_AGGRESSIVE;
				CLANG_CXX_LANGUAGE_STANDARD = "gnu++14";
				CLANG_CXX_LIBRARY = "libc++";
				CLANG_ENABLE_MODULES = YES;
				CLANG_ENABLE_OBJC_ARC = YES;
				CLANG_WARN_BLOCK_CAPTURE_AUTORELEASING = YES;
				CLANG_WARN_BOOL_CONVERSION = YES;
				CLANG_WARN_COMMA = YES;
				CLANG_WARN_CONSTANT_CONVERSION = YES;
				CLANG_WARN_DIRECT_OBJC_ISA_USAGE = YES_ERROR;
				CLANG_WARN_DOCUMENTATION_COMMENTS = YES;
				CLANG_WARN_EMPTY_BODY = YES;
				CLANG_WARN_ENUM_CONVERSION = YES;
				CLANG_WARN_INFINITE_RECURSION = YES;
				CLANG_WARN_INT_CONVERSION = YES;
				CLANG_WARN_NON_LITERAL_NULL_CONVERSION = YES;
				CLANG_WARN_OBJC_LITERAL_CONVERSION = YES;
				CLANG_WARN_OBJC_ROOT_CLASS = YES_ERROR;
				CLANG_WARN_RANGE_LOOP_ANALYSIS = YES;
				CLANG_WARN_STRICT_PROTOTYPES = YES;
				CLANG_WARN_SUSPICIOUS_MOVE = YES;
				CLANG_WARN_UNGUARDED_AVAILABILITY = YES_AGGRESSIVE;
				CLANG_WARN_UNREACHABLE_CODE = YES;
				CLANG_WARN__DUPLICATE_METHOD_MATCH = YES;
				CODE_SIGN_IDENTITY = "iPhone Developer";
				COPY_PHASE_STRIP = NO;
				DEBUG_INFORMATION_FORMAT = dwarf;
				ENABLE_STRICT_OBJC_MSGSEND = YES;
				ENABLE_TESTABILITY = YES;
				GCC_C_LANGUAGE_STANDARD = gnu11;
				GCC_DYNAMIC_NO_PIC = NO;
				GCC_NO_COMMON_BLOCKS = YES;
				GCC_OPTIMIZATION_LEVEL = 0;
				GCC_PREPROCESSOR_DEFINITIONS = (
					"DEBUG=1",
					"$(inherited)",
				);
				GCC_WARN_64_TO_32_BIT_CONVERSION = YES;
				GCC_WARN_ABOUT_RETURN_TYPE = YES_ERROR;
				GCC_WARN_UNDECLARED_SELECTOR = YES;
				GCC_WARN_UNINITIALIZED_AUTOS = YES_AGGRESSIVE;
				GCC_WARN_UNUSED_FUNCTION = YES;
				GCC_WARN_UNUSED_VARIABLE = YES;
				IPHONEOS_DEPLOYMENT_TARGET = 11.2;
				MTL_ENABLE_DEBUG_INFO = YES;
				ONLY_ACTIVE_ARCH = YES;
				SDKROOT = iphoneos;
			};
			name = Debug;
		};
		D88E774D20D93B29003782B1 /* Release */ = {
			isa = XCBuildConfiguration;
			buildSettings = {
				ALWAYS_SEARCH_USER_PATHS = NO;
				CLANG_ANALYZER_NONNULL = YES;
				CLANG_ANALYZER_NUMBER_OBJECT_CONVERSION = YES_AGGRESSIVE;
				CLANG_CXX_LANGUAGE_STANDARD = "gnu++14";
				CLANG_CXX_LIBRARY = "libc++";
				CLANG_ENABLE_MODULES = YES;
				CLANG_ENABLE_OBJC_ARC = YES;
				CLANG_WARN_BLOCK_CAPTURE_AUTORELEASING = YES;
				CLANG_WARN_BOOL_CONVERSION = YES;
				CLANG_WARN_COMMA = YES;
				CLANG_WARN_CONSTANT_CONVERSION = YES;
				CLANG_WARN_DIRECT_OBJC_ISA_USAGE = YES_ERROR;
				CLANG_WARN_DOCUMENTATION_COMMENTS = YES;
				CLANG_WARN_EMPTY_BODY = YES;
				CLANG_WARN_ENUM_CONVERSION = YES;
				CLANG_WARN_INFINITE_RECURSION = YES;
				CLANG_WARN_INT_CONVERSION = YES;
				CLANG_WARN_NON_LITERAL_NULL_CONVERSION = YES;
				CLANG_WARN_OBJC_LITERAL_CONVERSION = YES;
				CLANG_WARN_OBJC_ROOT_CLASS = YES_ERROR;
				CLANG_WARN_RANGE_LOOP_ANALYSIS = YES;
				CLANG_WARN_STRICT_PROTOTYPES = YES;
				CLANG_WARN_SUSPICIOUS_MOVE = YES;
				CLANG_WARN_UNGUARDED_AVAILABILITY = YES_AGGRESSIVE;
				CLANG_WARN_UNREACHABLE_CODE = YES;
				CLANG_WARN__DUPLICATE_METHOD_MATCH = YES;
				CODE_SIGN_IDENTITY = "iPhone Developer";
				COPY_PHASE_STRIP = NO;
				DEBUG_INFORMATION_FORMAT = "dwarf-with-dsym";
				ENABLE_NS_ASSERTIONS = NO;
				ENABLE_STRICT_OBJC_MSGSEND = YES;
				GCC_C_LANGUAGE_STANDARD = gnu11;
				GCC_NO_COMMON_BLOCKS = YES;
				GCC_WARN_64_TO_32_BIT_CONVERSION = YES;
				GCC_WARN_ABOUT_RETURN_TYPE = YES_ERROR;
				GCC_WARN_UNDECLARED_SELECTOR = YES;
				GCC_WARN_UNINITIALIZED_AUTOS = YES_AGGRESSIVE;
				GCC_WARN_UNUSED_FUNCTION = YES;
				GCC_WARN_UNUSED_VARIABLE = YES;
				IPHONEOS_DEPLOYMENT_TARGET = 11.2;
				MTL_ENABLE_DEBUG_INFO = NO;
				SDKROOT = iphoneos;
				VALIDATE_PRODUCT = YES;
			};
			name = Release;
		};
		D88E774F20D93B29003782B1 /* Debug */ = {
			isa = XCBuildConfiguration;
			buildSettings = {
				ASSETCATALOG_COMPILER_APPICON_NAME = AppIcon;
				CODE_SIGN_STYLE = Automatic;
				DEVELOPMENT_TEAM = HHBWV8ZU9T;
				INFOPLIST_FILE = ChooseCityButtonView/Info.plist;
				LD_RUNPATH_SEARCH_PATHS = "$(inherited) @executable_path/Frameworks";
				PRODUCT_BUNDLE_IDENTIFIER = com.superman.ChooseCityButtonView;
				PRODUCT_NAME = "$(TARGET_NAME)";
				TARGETED_DEVICE_FAMILY = "1,2";
			};
			name = Debug;
		};
		D88E775020D93B29003782B1 /* Release */ = {
			isa = XCBuildConfiguration;
			buildSettings = {
				ASSETCATALOG_COMPILER_APPICON_NAME = AppIcon;
				CODE_SIGN_STYLE = Automatic;
				DEVELOPMENT_TEAM = HHBWV8ZU9T;
				INFOPLIST_FILE = ChooseCityButtonView/Info.plist;
				LD_RUNPATH_SEARCH_PATHS = "$(inherited) @executable_path/Frameworks";
				PRODUCT_BUNDLE_IDENTIFIER = com.superman.ChooseCityButtonView;
				PRODUCT_NAME = "$(TARGET_NAME)";
				TARGETED_DEVICE_FAMILY = "1,2";
			};
			name = Release;
		};
		D88E775220D93B29003782B1 /* Debug */ = {
			isa = XCBuildConfiguration;
			buildSettings = {
				BUNDLE_LOADER = "$(TEST_HOST)";
				CODE_SIGN_STYLE = Automatic;
				DEVELOPMENT_TEAM = HHBWV8ZU9T;
				INFOPLIST_FILE = ChooseCityButtonViewTests/Info.plist;
				LD_RUNPATH_SEARCH_PATHS = "$(inherited) @executable_path/Frameworks @loader_path/Frameworks";
				PRODUCT_BUNDLE_IDENTIFIER = com.superman.ChooseCityButtonViewTests;
				PRODUCT_NAME = "$(TARGET_NAME)";
				TARGETED_DEVICE_FAMILY = "1,2";
				TEST_HOST = "$(BUILT_PRODUCTS_DIR)/ChooseCityButtonView.app/ChooseCityButtonView";
			};
			name = Debug;
		};
		D88E775320D93B29003782B1 /* Release */ = {
			isa = XCBuildConfiguration;
			buildSettings = {
				BUNDLE_LOADER = "$(TEST_HOST)";
				CODE_SIGN_STYLE = Automatic;
				DEVELOPMENT_TEAM = HHBWV8ZU9T;
				INFOPLIST_FILE = ChooseCityButtonViewTests/Info.plist;
				LD_RUNPATH_SEARCH_PATHS = "$(inherited) @executable_path/Frameworks @loader_path/Frameworks";
				PRODUCT_BUNDLE_IDENTIFIER = com.superman.ChooseCityButtonViewTests;
				PRODUCT_NAME = "$(TARGET_NAME)";
				TARGETED_DEVICE_FAMILY = "1,2";
				TEST_HOST = "$(BUILT_PRODUCTS_DIR)/ChooseCityButtonView.app/ChooseCityButtonView";
			};
			name = Release;
		};
		D88E775520D93B29003782B1 /* Debug */ = {
			isa = XCBuildConfiguration;
			buildSettings = {
				CODE_SIGN_STYLE = Automatic;
				DEVELOPMENT_TEAM = HHBWV8ZU9T;
				INFOPLIST_FILE = ChooseCityButtonViewUITests/Info.plist;
				LD_RUNPATH_SEARCH_PATHS = "$(inherited) @executable_path/Frameworks @loader_path/Frameworks";
				PRODUCT_BUNDLE_IDENTIFIER = com.superman.ChooseCityButtonViewUITests;
				PRODUCT_NAME = "$(TARGET_NAME)";
				TARGETED_DEVICE_FAMILY = "1,2";
				TEST_TARGET_NAME = ChooseCityButtonView;
			};
			name = Debug;
		};
		D88E775620D93B29003782B1 /* Release */ = {
			isa = XCBuildConfiguration;
			buildSettings = {
				CODE_SIGN_STYLE = Automatic;
				DEVELOPMENT_TEAM = HHBWV8ZU9T;
				INFOPLIST_FILE = ChooseCityButtonViewUITests/Info.plist;
				LD_RUNPATH_SEARCH_PATHS = "$(inherited) @executable_path/Frameworks @loader_path/Frameworks";
				PRODUCT_BUNDLE_IDENTIFIER = com.superman.ChooseCityButtonViewUITests;
				PRODUCT_NAME = "$(TARGET_NAME)";
				TARGETED_DEVICE_FAMILY = "1,2";
				TEST_TARGET_NAME = ChooseCityButtonView;
			};
			name = Release;
		};
/* End XCBuildConfiguration section */

/* Begin XCConfigurationList section */
		D88E771D20D93B28003782B1 /* Build configuration list for PBXProject "ChooseCityButtonView" */ = {
			isa = XCConfigurationList;
			buildConfigurations = (
				D88E774C20D93B29003782B1 /* Debug */,
				D88E774D20D93B29003782B1 /* Release */,
			);
			defaultConfigurationIsVisible = 0;
			defaultConfigurationName = Release;
		};
		D88E774E20D93B29003782B1 /* Build configuration list for PBXNativeTarget "ChooseCityButtonView" */ = {
			isa = XCConfigurationList;
			buildConfigurations = (
				D88E774F20D93B29003782B1 /* Debug */,
				D88E775020D93B29003782B1 /* Release */,
			);
			defaultConfigurationIsVisible = 0;
			defaultConfigurationName = Release;
		};
		D88E775120D93B29003782B1 /* Build configuration list for PBXNativeTarget "ChooseCityButtonViewTests" */ = {
			isa = XCConfigurationList;
			buildConfigurations = (
				D88E775220D93B29003782B1 /* Debug */,
				D88E775320D93B29003782B1 /* Release */,
			);
			defaultConfigurationIsVisible = 0;
			defaultConfigurationName = Release;
		};
		D88E775420D93B29003782B1 /* Build configuration list for PBXNativeTarget "ChooseCityButtonViewUITests" */ = {
			isa = XCConfigurationList;
			buildConfigurations = (
				D88E775520D93B29003782B1 /* Debug */,
				D88E775620D93B29003782B1 /* Release */,
			);
			defaultConfigurationIsVisible = 0;
			defaultConfigurationName = Release;
		};
/* End XCConfigurationList section */
	};
	rootObject = D88E771A20D93B28003782B1 /* Project object */;
}
